
Microsoft Visual Studio Solution File, Format Version 12.00
# Visual Studio 2012
Project("{FAE04EC0-301F-11D3-BF4B-00C04F79EFBC}") = "DataMiningAprioriAlgorithm", "DataMiningAprioriAlgorithm\DataMiningAprioriAlgorithm.csproj", "{0A0DF048-E9D5-4280-9D8C-39D912FF20CD}"
EndProject
Project("{2150E333-8FDC-42A3-9474-1A3956D46DE8}") = "Solution Items", "Solution Items", "{38056095-4F9A-425A-897C-EF89F1A240BE}"
	ProjectSection(SolutionItems) = preProject
		Electronic Store.txt = Electronic Store.txt
		Music Store.txt = Music Store.txt
		OnlineProduct.txt = OnlineProduct.txt
	EndProjectSection
EndProject
Global
	GlobalSection(SolutionConfigurationPlatforms) = preSolution
		Debug|Any CPU = Debug|Any CPU
		Release|Any CPU = Release|Any CPU
	EndGlobalSection
	GlobalSection(ProjectConfigurationPlatforms) = postSolution
		{0A0DF048-E9D5-4280-9D8C-39D912FF20CD}.Debug|Any CPU.ActiveCfg = Debug|Any CPU
		{0A0DF048-E9D5-4280-9D8C-39D912FF20CD}.Debug|Any CPU.Build.0 = Debug|Any CPU
		{0A0DF048-E9D5-4280-9D8C-39D912FF20CD}.Release|Any CPU.ActiveCfg = Release|Any CPU
		{0A0DF048-E9D5-4280-9D8C-39D912FF20CD}.Release|Any CPU.Build.0 = Release|Any CPU
	EndGlobalSection
	GlobalSection(SolutionProperties) = preSolution
		HideSolutionNode = FALSE
	EndGlobalSection
EndGlobal
